
Microsoft Visual Studio Solution File, Format Version 12.00
# Visual Studio Version 17
VisualStudioVersion = 17.2.32630.192
MinimumVisualStudioVersion = 10.0.40219.1
Project("{FAE04EC0-301F-11D3-BF4B-00C04F79EFBC}") = "TheGreatSpaceRace", "TheGreatSpaceRace\TheGreatSpaceRace.csproj", "{145F4B3C-DD5C-4BAC-ADF6-4C508D47C518}"
EndProject
Global
	GlobalSection(SolutionConfigurationPlatforms) = preSolution
		Debug|Any CPU = Debug|Any CPU
		Release|Any CPU = Release|Any CPU
	EndGlobalSection
	GlobalSection(ProjectConfigurationPlatforms) = postSolution
		{145F4B3C-DD5C-4BAC-ADF6-4C508D47C518}.Debug|Any CPU.ActiveCfg = Debug|Any CPU
		{145F4B3C-DD5C-4BAC-ADF6-4C508D47C518}.Debug|Any CPU.Build.0 = Debug|Any CPU
		{145F4B3C-DD5C-4BAC-ADF6-4C508D47C518}.Release|Any CPU.ActiveCfg = Release|Any CPU
		{145F4B3C-DD5C-4BAC-ADF6-4C508D47C518}.Release|Any CPU.Build.0 = Release|Any CPU
	EndGlobalSection
	GlobalSection(SolutionProperties) = preSolution
		HideSolutionNode = FALSE
	EndGlobalSection
	GlobalSection(ExtensibilityGlobals) = postSolution
		SolutionGuid = {0CE25541-87DA-4AF2-9DF6-3E003EAF19BF}
	EndGlobalSection
EndGlobal
